
Microsoft Visual Studio Solution File, Format Version 12.00
# Visual Studio Version 16
VisualStudioVersion = 16.0.31911.196
MinimumVisualStudioVersion = 10.0.40219.1
Project("{FAE04EC0-301F-11D3-BF4B-00C04F79EFBC}") = "Exercice4", "Exercice4\Exercice4.csproj", "{D5380178-B535-4835-AF08-8BCE96C0FD55}"
EndProject
Global
	GlobalSection(SolutionConfigurationPlatforms) = preSolution
		Debug|Any CPU = Debug|Any CPU
		Release|Any CPU = Release|Any CPU
	EndGlobalSection
	GlobalSection(ProjectConfigurationPlatforms) = postSolution
		{D5380178-B535-4835-AF08-8BCE96C0FD55}.Debug|Any CPU.ActiveCfg = Debug|Any CPU
		{D5380178-B535-4835-AF08-8BCE96C0FD55}.Debug|Any CPU.Build.0 = Debug|Any CPU
		{D5380178-B535-4835-AF08-8BCE96C0FD55}.Release|Any CPU.ActiveCfg = Release|Any CPU
		{D5380178-B535-4835-AF08-8BCE96C0FD55}.Release|Any CPU.Build.0 = Release|Any CPU
	EndGlobalSection
	GlobalSection(SolutionProperties) = preSolution
		HideSolutionNode = FALSE
	EndGlobalSection
	GlobalSection(ExtensibilityGlobals) = postSolution
		SolutionGuid = {58A480B8-1259-42F1-9F9B-CA8A2C78C4AC}
	EndGlobalSection
EndGlobal
